<Solution>
  <Configurations>
    <BuildType Name="Debug" />
    <BuildType Name="Release" />
    <BuildType Name="CompiledSPA" />
  </Configurations>
  <Project Path="Altinn.Authorization.Api.Contracts/Altinn.Authorization.Api.Contracts.csproj" />
  <Project Path="altinnaccessmanager.client/altinnaccessmanager.client.esproj">
    <Build />
    <Deploy />
  </Project>
  <Project Path="AltinnAccessManager.Server/AltinnAccessManager.Server.csproj" />
</Solution>
